
Microsoft Visual Studio Solution File, Format Version 12.00
# Visual Studio Version 17
VisualStudioVersion = 17.12.35527.113
MinimumVisualStudioVersion = 10.0.40219.1
Project("{FAE04EC0-301F-11D3-BF4B-00C04F79EFBC}") = "TMSHomework", "TMSHomework\TMSHomework.csproj", "{64DD4F82-80EE-4C4D-902F-A7D7A08DC871}"
EndProject
Project("{FAE04EC0-301F-11D3-BF4B-00C04F79EFBC}") = "Geometry", "Geometry\Geometry.csproj", "{3B546A7D-C7FF-42C8-84CD-CC5CD800BB3B}"
EndProject
Project("{FAE04EC0-301F-11D3-BF4B-00C04F79EFBC}") = "GeometryPainting", "GeometryPainting\GeometryPainting.csproj", "{A9575996-030D-46E0-BC71-4B2B8CC1337C}"
EndProject
Global
	GlobalSection(SolutionConfigurationPlatforms) = preSolution
		Debug|Any CPU = Debug|Any CPU
		Release|Any CPU = Release|Any CPU
	EndGlobalSection
	GlobalSection(ProjectConfigurationPlatforms) = postSolution
		{64DD4F82-80EE-4C4D-902F-A7D7A08DC871}.Debug|Any CPU.ActiveCfg = Debug|Any CPU
		{64DD4F82-80EE-4C4D-902F-A7D7A08DC871}.Debug|Any CPU.Build.0 = Debug|Any CPU
		{64DD4F82-80EE-4C4D-902F-A7D7A08DC871}.Release|Any CPU.ActiveCfg = Release|Any CPU
		{64DD4F82-80EE-4C4D-902F-A7D7A08DC871}.Release|Any CPU.Build.0 = Release|Any CPU
		{3B546A7D-C7FF-42C8-84CD-CC5CD800BB3B}.Debug|Any CPU.ActiveCfg = Debug|Any CPU
		{3B546A7D-C7FF-42C8-84CD-CC5CD800BB3B}.Debug|Any CPU.Build.0 = Debug|Any CPU
		{3B546A7D-C7FF-42C8-84CD-CC5CD800BB3B}.Release|Any CPU.ActiveCfg = Release|Any CPU
		{3B546A7D-C7FF-42C8-84CD-CC5CD800BB3B}.Release|Any CPU.Build.0 = Release|Any CPU
		{A9575996-030D-46E0-BC71-4B2B8CC1337C}.Debug|Any CPU.ActiveCfg = Debug|Any CPU
		{A9575996-030D-46E0-BC71-4B2B8CC1337C}.Debug|Any CPU.Build.0 = Debug|Any CPU
		{A9575996-030D-46E0-BC71-4B2B8CC1337C}.Release|Any CPU.ActiveCfg = Release|Any CPU
		{A9575996-030D-46E0-BC71-4B2B8CC1337C}.Release|Any CPU.Build.0 = Release|Any CPU
	EndGlobalSection
	GlobalSection(SolutionProperties) = preSolution
		HideSolutionNode = FALSE
	EndGlobalSection
EndGlobal
